# THIS IS AN AUTOGENERATED FILE. DO NOT EDIT THIS FILE DIRECTLY.
# yarn lockfile v1


func-helpers@1.x:
  version "1.2.0"
  resolved "https://registry.yarnpkg.com/func-helpers/-/func-helpers-1.2.0.tgz#290ce9b41e1e02dd1b1b8ec2150e870f633ea078"
  integrity sha512-h5eXtNvPpfOx0FcQ5LdWj7gSl6Fv7RGADD4fQhjk9y+COF8Z7w2yX8KoTtl3vZt59SeTwmJ99BTsTuit697xJw==
