# THIS IS AN AUTOGENERATED FILE. DO NOT EDIT THIS FILE DIRECTLY.
# yarn lockfile v1


"@snooty/utils@1.x":
  version "1.3.0"
  resolved "https://registry.yarnpkg.com/@snooty/utils/-/utils-1.3.0.tgz#791abd14b5c3fd303804c861fa6c1e21f303a768"
  integrity sha512-76C0YsotW58pTCduykazYHzpRyNLIZrm7ptb348xD2E8NrcQ73uW/oHVvPGhJiaAAI/wKCIQ26agd4sevYK4pg==
