# THIS IS AN AUTOGENERATED FILE. DO NOT EDIT THIS FILE DIRECTLY.
# yarn lockfile v1


func-helpers@^1.0.0:
  version "1.0.0"
  resolved "https://registry.yarnpkg.com/func-helpers/-/func-helpers-1.0.0.tgz#2f5964ed82ca25262274739a8bbbdd733b20a46e"
  integrity sha512-ILJllpRNbZQE/xh/Tem4ECdaMtEASbT7dCkkUpEkQvock5MK3mKw0rgaeSYC4VYudjK4t4RtXUeN6wZAe0VQbQ==
